
Microsoft Visual Studio Solution File, Format Version 12.00
# Visual Studio Version 16
VisualStudioVersion = 16.0.31112.23
MinimumVisualStudioVersion = 10.0.40219.1
Project("{FAE04EC0-301F-11D3-BF4B-00C04F79EFBC}") = "AirlineReservation", "AirlineReservation\AirlineReservation.csproj", "{DA22337A-73EC-488C-AFDD-D1FFD97BE319}"
EndProject
Global
	GlobalSection(SolutionConfigurationPlatforms) = preSolution
		Debug|Any CPU = Debug|Any CPU
		Release|Any CPU = Release|Any CPU
	EndGlobalSection
	GlobalSection(ProjectConfigurationPlatforms) = postSolution
		{DA22337A-73EC-488C-AFDD-D1FFD97BE319}.Debug|Any CPU.ActiveCfg = Debug|Any CPU
		{DA22337A-73EC-488C-AFDD-D1FFD97BE319}.Debug|Any CPU.Build.0 = Debug|Any CPU
		{DA22337A-73EC-488C-AFDD-D1FFD97BE319}.Release|Any CPU.ActiveCfg = Release|Any CPU
		{DA22337A-73EC-488C-AFDD-D1FFD97BE319}.Release|Any CPU.Build.0 = Release|Any CPU
	EndGlobalSection
	GlobalSection(SolutionProperties) = preSolution
		HideSolutionNode = FALSE
	EndGlobalSection
	GlobalSection(ExtensibilityGlobals) = postSolution
		SolutionGuid = {72A19B90-18F4-4590-BD55-CD97F4340E69}
	EndGlobalSection
EndGlobal
